
Microsoft Visual Studio Solution File, Format Version 12.00
# Visual Studio Version 17
VisualStudioVersion = 17.9.34728.123
MinimumVisualStudioVersion = 10.0.40219.1
Project("{9A19103F-16F7-4668-BE54-9A1E7A4F7556}") = "EjercicioWebAPI", "EjercicioWebAPI\EjercicioWebAPI.csproj", "{DDBC142A-B0F4-4BEF-80E5-26B1CE5DD84C}"
EndProject
Global
	GlobalSection(SolutionConfigurationPlatforms) = preSolution
		Debug|Any CPU = Debug|Any CPU
		Release|Any CPU = Release|Any CPU
	EndGlobalSection
	GlobalSection(ProjectConfigurationPlatforms) = postSolution
		{DDBC142A-B0F4-4BEF-80E5-26B1CE5DD84C}.Debug|Any CPU.ActiveCfg = Debug|Any CPU
		{DDBC142A-B0F4-4BEF-80E5-26B1CE5DD84C}.Debug|Any CPU.Build.0 = Debug|Any CPU
		{DDBC142A-B0F4-4BEF-80E5-26B1CE5DD84C}.Release|Any CPU.ActiveCfg = Release|Any CPU
		{DDBC142A-B0F4-4BEF-80E5-26B1CE5DD84C}.Release|Any CPU.Build.0 = Release|Any CPU
	EndGlobalSection
	GlobalSection(SolutionProperties) = preSolution
		HideSolutionNode = FALSE
	EndGlobalSection
	GlobalSection(ExtensibilityGlobals) = postSolution
		SolutionGuid = {479F9180-FF61-4AED-8108-B8962E530C8F}
	EndGlobalSection
EndGlobal
